// !$*UTF8*$!
{
	archiveVersion = 1;
	classes = {
	};
	objectVersion = 56;
	objects = {

/* Begin PBXBuildFile section */
		A4F33EA22AE8891500778664 /* AppDelegate.swift in Sources */ = {isa = PBXBuildFile; fileRef = A4F33EA12AE8891500778664 /* AppDelegate.swift */; };
		A4F33EA42AE8891500778664 /* SceneDelegate.swift in Sources */ = {isa = PBXBuildFile; fileRef = A4F33EA32AE8891500778664 /* SceneDelegate.swift */; };
		A4F33EA62AE8891500778664 /* GGDiscoverViewController.swift in Sources */ = {isa = PBXBuildFile; fileRef = A4F33EA52AE8891500778664 /* GGDiscoverViewController.swift */; };
		A4F33EAB2AE8891600778664 /* Assets.xcassets in Resources */ = {isa = PBXBuildFile; fileRef = A4F33EAA2AE8891600778664 /* Assets.xcassets */; };
		A4F33EAE2AE8891600778664 /* LaunchScreen.storyboard in Resources */ = {isa = PBXBuildFile; fileRef = A4F33EAC2AE8891600778664 /* LaunchScreen.storyboard */; };
		A4F33EBA2AE88BAE00778664 /* GGDietaryButton.swift in Sources */ = {isa = PBXBuildFile; fileRef = A4F33EB92AE88BAE00778664 /* GGDietaryButton.swift */; };
		A4F33EBC2AE88C9500778664 /* UIImageView+EXT.swift in Sources */ = {isa = PBXBuildFile; fileRef = A4F33EBB2AE88C9500778664 /* UIImageView+EXT.swift */; };
		A4F33EC02AE8BF7E00778664 /* UIView+EXT.swift in Sources */ = {isa = PBXBuildFile; fileRef = A4F33EBF2AE8BF7E00778664 /* UIView+EXT.swift */; };
		A4F33EC22AE8C0CE00778664 /* GGTitleLabel.swift in Sources */ = {isa = PBXBuildFile; fileRef = A4F33EC12AE8C0CE00778664 /* GGTitleLabel.swift */; };
		A4F33EC42AE8C1EC00778664 /* GGBodyLabel.swift in Sources */ = {isa = PBXBuildFile; fileRef = A4F33EC32AE8C1EC00778664 /* GGBodyLabel.swift */; };
/* End PBXBuildFile section */

/* Begin PBXFileReference section */
		A4F33E9E2AE8891500778664 /* GourmetGuide.app */ = {isa = PBXFileReference; explicitFileType = wrapper.application; includeInIndex = 0; path = GourmetGuide.app; sourceTree = BUILT_PRODUCTS_DIR; };
		A4F33EA12AE8891500778664 /* AppDelegate.swift */ = {isa = PBXFileReference; lastKnownFileType = sourcecode.swift; path = AppDelegate.swift; sourceTree = "<group>"; };
		A4F33EA32AE8891500778664 /* SceneDelegate.swift */ = {isa = PBXFileReference; lastKnownFileType = sourcecode.swift; path = SceneDelegate.swift; sourceTree = "<group>"; };
		A4F33EA52AE8891500778664 /* GGDiscoverViewController.swift */ = {isa = PBXFileReference; lastKnownFileType = sourcecode.swift; path = GGDiscoverViewController.swift; sourceTree = "<group>"; };
		A4F33EAA2AE8891600778664 /* Assets.xcassets */ = {isa = PBXFileReference; lastKnownFileType = folder.assetcatalog; path = Assets.xcassets; sourceTree = "<group>"; };
		A4F33EAD2AE8891600778664 /* Base */ = {isa = PBXFileReference; lastKnownFileType = file.storyboard; name = Base; path = Base.lproj/LaunchScreen.storyboard; sourceTree = "<group>"; };
		A4F33EAF2AE8891600778664 /* Info.plist */ = {isa = PBXFileReference; lastKnownFileType = text.plist.xml; path = Info.plist; sourceTree = "<group>"; };
		A4F33EB92AE88BAE00778664 /* GGDietaryButton.swift */ = {isa = PBXFileReference; lastKnownFileType = sourcecode.swift; path = GGDietaryButton.swift; sourceTree = "<group>"; };
		A4F33EBB2AE88C9500778664 /* UIImageView+EXT.swift */ = {isa = PBXFileReference; lastKnownFileType = sourcecode.swift; path = "UIImageView+EXT.swift"; sourceTree = "<group>"; };
		A4F33EBF2AE8BF7E00778664 /* UIView+EXT.swift */ = {isa = PBXFileReference; lastKnownFileType = sourcecode.swift; path = "UIView+EXT.swift"; sourceTree = "<group>"; };
		A4F33EC12AE8C0CE00778664 /* GGTitleLabel.swift */ = {isa = PBXFileReference; lastKnownFileType = sourcecode.swift; path = GGTitleLabel.swift; sourceTree = "<group>"; };
		A4F33EC32AE8C1EC00778664 /* GGBodyLabel.swift */ = {isa = PBXFileReference; lastKnownFileType = sourcecode.swift; path = GGBodyLabel.swift; sourceTree = "<group>"; };
/* End PBXFileReference section */

/* Begin PBXFrameworksBuildPhase section */
		A4F33E9B2AE8891500778664 /* Frameworks */ = {
			isa = PBXFrameworksBuildPhase;
			buildActionMask = 2147483647;
			files = (
			);
			runOnlyForDeploymentPostprocessing = 0;
		};
/* End PBXFrameworksBuildPhase section */

/* Begin PBXGroup section */
		A4F33E952AE8891500778664 = {
			isa = PBXGroup;
			children = (
				A4F33EA02AE8891500778664 /* GourmetGuide */,
				A4F33E9F2AE8891500778664 /* Products */,
			);
			sourceTree = "<group>";
		};
		A4F33E9F2AE8891500778664 /* Products */ = {
			isa = PBXGroup;
			children = (
				A4F33E9E2AE8891500778664 /* GourmetGuide.app */,
			);
			name = Products;
			sourceTree = "<group>";
		};
		A4F33EA02AE8891500778664 /* GourmetGuide */ = {
			isa = PBXGroup;
			children = (
				A4F33EBD2AE88D9200778664 /* Other */,
				A4F33EB82AE88A9F00778664 /* Utilities */,
				A4F33EB72AE88A9400778664 /* Models */,
				A4F33EB62AE88A8E00778664 /* Views */,
				A4F33EB52AE88A8800778664 /* Controllers */,
				A4F33EAA2AE8891600778664 /* Assets.xcassets */,
				A4F33EAC2AE8891600778664 /* LaunchScreen.storyboard */,
				A4F33EAF2AE8891600778664 /* Info.plist */,
			);
			path = GourmetGuide;
			sourceTree = "<group>";
		};
		A4F33EB52AE88A8800778664 /* Controllers */ = {
			isa = PBXGroup;
			children = (
				A4F33EBE2AE892FC00778664 /* Core */,
			);
			path = Controllers;
			sourceTree = "<group>";
		};
		A4F33EB62AE88A8E00778664 /* Views */ = {
			isa = PBXGroup;
			children = (
				A4F33EB92AE88BAE00778664 /* GGDietaryButton.swift */,
				A4F33EC12AE8C0CE00778664 /* GGTitleLabel.swift */,
				A4F33EC32AE8C1EC00778664 /* GGBodyLabel.swift */,
			);
			path = Views;
			sourceTree = "<group>";
		};
		A4F33EB72AE88A9400778664 /* Models */ = {
			isa = PBXGroup;
			children = (
			);
			path = Models;
			sourceTree = "<group>";
		};
		A4F33EB82AE88A9F00778664 /* Utilities */ = {
			isa = PBXGroup;
			children = (
				A4F33EBB2AE88C9500778664 /* UIImageView+EXT.swift */,
				A4F33EBF2AE8BF7E00778664 /* UIView+EXT.swift */,
			);
			path = Utilities;
			sourceTree = "<group>";
		};
		A4F33EBD2AE88D9200778664 /* Other */ = {
			isa = PBXGroup;
			children = (
				A4F33EA12AE8891500778664 /* AppDelegate.swift */,
				A4F33EA32AE8891500778664 /* SceneDelegate.swift */,
			);
			path = Other;
			sourceTree = "<group>";
		};
		A4F33EBE2AE892FC00778664 /* Core */ = {
			isa = PBXGroup;
			children = (
				A4F33EA52AE8891500778664 /* GGDiscoverViewController.swift */,
			);
			path = Core;
			sourceTree = "<group>";
		};
/* End PBXGroup section */

/* Begin PBXNativeTarget section */
		A4F33E9D2AE8891500778664 /* GourmetGuide */ = {
			isa = PBXNativeTarget;
			buildConfigurationList = A4F33EB22AE8891600778664 /* Build configuration list for PBXNativeTarget "GourmetGuide" */;
			buildPhases = (
				A4F33E9A2AE8891500778664 /* Sources */,
				A4F33E9B2AE8891500778664 /* Frameworks */,
				A4F33E9C2AE8891500778664 /* Resources */,
			);
			buildRules = (
			);
			dependencies = (
			);
			name = GourmetGuide;
			productName = GourmetGuide;
			productReference = A4F33E9E2AE8891500778664 /* GourmetGuide.app */;
			productType = "com.apple.product-type.application";
		};
/* End PBXNativeTarget section */

/* Begin PBXProject section */
		A4F33E962AE8891500778664 /* Project object */ = {
			isa = PBXProject;
			attributes = {
				BuildIndependentTargetsInParallel = 1;
				LastSwiftUpdateCheck = 1500;
				LastUpgradeCheck = 1500;
				TargetAttributes = {
					A4F33E9D2AE8891500778664 = {
						CreatedOnToolsVersion = 15.0.1;
					};
				};
			};
			buildConfigurationList = A4F33E992AE8891500778664 /* Build configuration list for PBXProject "GourmetGuide" */;
			compatibilityVersion = "Xcode 14.0";
			developmentRegion = en;
			hasScannedForEncodings = 0;
			knownRegions = (
				en,
				Base,
			);
			mainGroup = A4F33E952AE8891500778664;
			productRefGroup = A4F33E9F2AE8891500778664 /* Products */;
			projectDirPath = "";
			projectRoot = "";
			targets = (
				A4F33E9D2AE8891500778664 /* GourmetGuide */,
			);
		};
/* End PBXProject section */

/* Begin PBXResourcesBuildPhase section */
		A4F33E9C2AE8891500778664 /* Resources */ = {
			isa = PBXResourcesBuildPhase;
			buildActionMask = 2147483647;
			files = (
				A4F33EAE2AE8891600778664 /* LaunchScreen.storyboard in Resources */,
				A4F33EAB2AE8891600778664 /* Assets.xcassets in Resources */,
			);
			runOnlyForDeploymentPostprocessing = 0;
		};
/* End PBXResourcesBuildPhase section */

/* Begin PBXSourcesBuildPhase section */
		A4F33E9A2AE8891500778664 /* Sources */ = {
			isa = PBXSourcesBuildPhase;
			buildActionMask = 2147483647;
			files = (
				A4F33EC42AE8C1EC00778664 /* GGBodyLabel.swift in Sources */,
				A4F33EBA2AE88BAE00778664 /* GGDietaryButton.swift in Sources */,
				A4F33EBC2AE88C9500778664 /* UIImageView+EXT.swift in Sources */,
				A4F33EA62AE8891500778664 /* GGDiscoverViewController.swift in Sources */,
				A4F33EC22AE8C0CE00778664 /* GGTitleLabel.swift in Sources */,
				A4F33EA22AE8891500778664 /* AppDelegate.swift in Sources */,
				A4F33EC02AE8BF7E00778664 /* UIView+EXT.swift in Sources */,
				A4F33EA42AE8891500778664 /* SceneDelegate.swift in Sources */,
			);
			runOnlyForDeploymentPostprocessing = 0;
		};
/* End PBXSourcesBuildPhase section */

/* Begin PBXVariantGroup section */
		A4F33EAC2AE8891600778664 /* LaunchScreen.storyboard */ = {
			isa = PBXVariantGroup;
			children = (
				A4F33EAD2AE8891600778664 /* Base */,
			);
			name = LaunchScreen.storyboard;
			sourceTree = "<group>";
		};
/* End PBXVariantGroup section */

/* Begin XCBuildConfiguration section */
		A4F33EB02AE8891600778664 /* Debug */ = {
			isa = XCBuildConfiguration;
			buildSettings = {
				ALWAYS_SEARCH_USER_PATHS = NO;
				ASSETCATALOG_COMPILER_GENERATE_SWIFT_ASSET_SYMBOL_EXTENSIONS = YES;
				CLANG_ANALYZER_NONNULL = YES;
				CLANG_ANALYZER_NUMBER_OBJECT_CONVERSION = YES_AGGRESSIVE;
				CLANG_CXX_LANGUAGE_STANDARD = "gnu++20";
				CLANG_ENABLE_MODULES = YES;
				CLANG_ENABLE_OBJC_ARC = YES;
				CLANG_ENABLE_OBJC_WEAK = YES;
				CLANG_WARN_BLOCK_CAPTURE_AUTORELEASING = YES;
				CLANG_WARN_BOOL_CONVERSION = YES;
				CLANG_WARN_COMMA = YES;
				CLANG_WARN_CONSTANT_CONVERSION = YES;
				CLANG_WARN_DEPRECATED_OBJC_IMPLEMENTATIONS = YES;
				CLANG_WARN_DIRECT_OBJC_ISA_USAGE = YES_ERROR;
				CLANG_WARN_DOCUMENTATION_COMMENTS = YES;
				CLANG_WARN_EMPTY_BODY = YES;
				CLANG_WARN_ENUM_CONVERSION = YES;
				CLANG_WARN_INFINITE_RECURSION = YES;
				CLANG_WARN_INT_CONVERSION = YES;
				CLANG_WARN_NON_LITERAL_NULL_CONVERSION = YES;
				CLANG_WARN_OBJC_IMPLICIT_RETAIN_SELF = YES;
				CLANG_WARN_OBJC_LITERAL_CONVERSION = YES;
				CLANG_WARN_OBJC_ROOT_CLASS = YES_ERROR;
				CLANG_WARN_QUOTED_INCLUDE_IN_FRAMEWORK_HEADER = YES;
				CLANG_WARN_RANGE_LOOP_ANALYSIS = YES;
				CLANG_WARN_STRICT_PROTOTYPES = YES;
				CLANG_WARN_SUSPICIOUS_MOVE = YES;
				CLANG_WARN_UNGUARDED_AVAILABILITY = YES_AGGRESSIVE;
				CLANG_WARN_UNREACHABLE_CODE = YES;
				CLANG_WARN__DUPLICATE_METHOD_MATCH = YES;
				COPY_PHASE_STRIP = NO;
				DEBUG_INFORMATION_FORMAT = dwarf;
				ENABLE_STRICT_OBJC_MSGSEND = YES;
				ENABLE_TESTABILITY = YES;
				ENABLE_USER_SCRIPT_SANDBOXING = YES;
				GCC_C_LANGUAGE_STANDARD = gnu17;
				GCC_DYNAMIC_NO_PIC = NO;
				GCC_NO_COMMON_BLOCKS = YES;
				GCC_OPTIMIZATION_LEVEL = 0;
				GCC_PREPROCESSOR_DEFINITIONS = (
					"DEBUG=1",
					"$(inherited)",
				);
				GCC_WARN_64_TO_32_BIT_CONVERSION = YES;
				GCC_WARN_ABOUT_RETURN_TYPE = YES_ERROR;
				GCC_WARN_UNDECLARED_SELECTOR = YES;
				GCC_WARN_UNINITIALIZED_AUTOS = YES_AGGRESSIVE;
				GCC_WARN_UNUSED_FUNCTION = YES;
				GCC_WARN_UNUSED_VARIABLE = YES;
				IPHONEOS_DEPLOYMENT_TARGET = 17.0;
				LOCALIZATION_PREFERS_STRING_CATALOGS = YES;
				MTL_ENABLE_DEBUG_INFO = INCLUDE_SOURCE;
				MTL_FAST_MATH = YES;
				ONLY_ACTIVE_ARCH = YES;
				SDKROOT = iphoneos;
				SWIFT_ACTIVE_COMPILATION_CONDITIONS = "DEBUG $(inherited)";
				SWIFT_OPTIMIZATION_LEVEL = "-Onone";
			};
			name = Debug;
		};
		A4F33EB12AE8891600778664 /* Release */ = {
			isa = XCBuildConfiguration;
			buildSettings = {
				ALWAYS_SEARCH_USER_PATHS = NO;
				ASSETCATALOG_COMPILER_GENERATE_SWIFT_ASSET_SYMBOL_EXTENSIONS = YES;
				CLANG_ANALYZER_NONNULL = YES;
				CLANG_ANALYZER_NUMBER_OBJECT_CONVERSION = YES_AGGRESSIVE;
				CLANG_CXX_LANGUAGE_STANDARD = "gnu++20";
				CLANG_ENABLE_MODULES = YES;
				CLANG_ENABLE_OBJC_ARC = YES;
				CLANG_ENABLE_OBJC_WEAK = YES;
				CLANG_WARN_BLOCK_CAPTURE_AUTORELEASING = YES;
				CLANG_WARN_BOOL_CONVERSION = YES;
				CLANG_WARN_COMMA = YES;
				CLANG_WARN_CONSTANT_CONVERSION = YES;
				CLANG_WARN_DEPRECATED_OBJC_IMPLEMENTATIONS = YES;
				CLANG_WARN_DIRECT_OBJC_ISA_USAGE = YES_ERROR;
				CLANG_WARN_DOCUMENTATION_COMMENTS = YES;
				CLANG_WARN_EMPTY_BODY = YES;
				CLANG_WARN_ENUM_CONVERSION = YES;
				CLANG_WARN_INFINITE_RECURSION = YES;
				CLANG_WARN_INT_CONVERSION = YES;
				CLANG_WARN_NON_LITERAL_NULL_CONVERSION = YES;
				CLANG_WARN_OBJC_IMPLICIT_RETAIN_SELF = YES;
				CLANG_WARN_OBJC_LITERAL_CONVERSION = YES;
				CLANG_WARN_OBJC_ROOT_CLASS = YES_ERROR;
				CLANG_WARN_QUOTED_INCLUDE_IN_FRAMEWORK_HEADER = YES;
				CLANG_WARN_RANGE_LOOP_ANALYSIS = YES;
				CLANG_WARN_STRICT_PROTOTYPES = YES;
				CLANG_WARN_SUSPICIOUS_MOVE = YES;
				CLANG_WARN_UNGUARDED_AVAILABILITY = YES_AGGRESSIVE;
				CLANG_WARN_UNREACHABLE_CODE = YES;
				CLANG_WARN__DUPLICATE_METHOD_MATCH = YES;
				COPY_PHASE_STRIP = NO;
				DEBUG_INFORMATION_FORMAT = "dwarf-with-dsym";
				ENABLE_NS_ASSERTIONS = NO;
				ENABLE_STRICT_OBJC_MSGSEND = YES;
				ENABLE_USER_SCRIPT_SANDBOXING = YES;
				GCC_C_LANGUAGE_STANDARD = gnu17;
				GCC_NO_COMMON_BLOCKS = YES;
				GCC_WARN_64_TO_32_BIT_CONVERSION = YES;
				GCC_WARN_ABOUT_RETURN_TYPE = YES_ERROR;
				GCC_WARN_UNDECLARED_SELECTOR = YES;
				GCC_WARN_UNINITIALIZED_AUTOS = YES_AGGRESSIVE;
				GCC_WARN_UNUSED_FUNCTION = YES;
				GCC_WARN_UNUSED_VARIABLE = YES;
				IPHONEOS_DEPLOYMENT_TARGET = 17.0;
				LOCALIZATION_PREFERS_STRING_CATALOGS = YES;
				MTL_ENABLE_DEBUG_INFO = NO;
				MTL_FAST_MATH = YES;
				SDKROOT = iphoneos;
				SWIFT_COMPILATION_MODE = wholemodule;
				VALIDATE_PRODUCT = YES;
			};
			name = Release;
		};
		A4F33EB32AE8891600778664 /* Debug */ = {
			isa = XCBuildConfiguration;
			buildSettings = {
				ASSETCATALOG_COMPILER_APPICON_NAME = AppIcon;
				ASSETCATALOG_COMPILER_GLOBAL_ACCENT_COLOR_NAME = AccentColor;
				CODE_SIGN_STYLE = Automatic;
				CURRENT_PROJECT_VERSION = 1;
				DEVELOPMENT_TEAM = HW87QG3GMZ;
				GENERATE_INFOPLIST_FILE = YES;
				INFOPLIST_FILE = GourmetGuide/Info.plist;
				INFOPLIST_KEY_UIApplicationSupportsIndirectInputEvents = YES;
				INFOPLIST_KEY_UILaunchStoryboardName = LaunchScreen;
				INFOPLIST_KEY_UISupportedInterfaceOrientations = UIInterfaceOrientationPortrait;
				LD_RUNPATH_SEARCH_PATHS = (
					"$(inherited)",
					"@executable_path/Frameworks",
				);
				MARKETING_VERSION = 1.0;
				PRODUCT_BUNDLE_IDENTIFIER = com.example.GourmetGuide;
				PRODUCT_NAME = "$(TARGET_NAME)";
				SWIFT_EMIT_LOC_STRINGS = YES;
				SWIFT_VERSION = 5.0;
				TARGETED_DEVICE_FAMILY = "1,2";
			};
			name = Debug;
		};
		A4F33EB42AE8891600778664 /* Release */ = {
			isa = XCBuildConfiguration;
			buildSettings = {
				ASSETCATALOG_COMPILER_APPICON_NAME = AppIcon;
				ASSETCATALOG_COMPILER_GLOBAL_ACCENT_COLOR_NAME = AccentColor;
				CODE_SIGN_STYLE = Automatic;
				CURRENT_PROJECT_VERSION = 1;
				DEVELOPMENT_TEAM = HW87QG3GMZ;
				GENERATE_INFOPLIST_FILE = YES;
				INFOPLIST_FILE = GourmetGuide/Info.plist;
				INFOPLIST_KEY_UIApplicationSupportsIndirectInputEvents = YES;
				INFOPLIST_KEY_UILaunchStoryboardName = LaunchScreen;
				INFOPLIST_KEY_UISupportedInterfaceOrientations = UIInterfaceOrientationPortrait;
				LD_RUNPATH_SEARCH_PATHS = (
					"$(inherited)",
					"@executable_path/Frameworks",
				);
				MARKETING_VERSION = 1.0;
				PRODUCT_BUNDLE_IDENTIFIER = com.example.GourmetGuide;
				PRODUCT_NAME = "$(TARGET_NAME)";
				SWIFT_EMIT_LOC_STRINGS = YES;
				SWIFT_VERSION = 5.0;
				TARGETED_DEVICE_FAMILY = "1,2";
			};
			name = Release;
		};
/* End XCBuildConfiguration section */

/* Begin XCConfigurationList section */
		A4F33E992AE8891500778664 /* Build configuration list for PBXProject "GourmetGuide" */ = {
			isa = XCConfigurationList;
			buildConfigurations = (
				A4F33EB02AE8891600778664 /* Debug */,
				A4F33EB12AE8891600778664 /* Release */,
			);
			defaultConfigurationIsVisible = 0;
			defaultConfigurationName = Release;
		};
		A4F33EB22AE8891600778664 /* Build configuration list for PBXNativeTarget "GourmetGuide" */ = {
			isa = XCConfigurationList;
			buildConfigurations = (
				A4F33EB32AE8891600778664 /* Debug */,
				A4F33EB42AE8891600778664 /* Release */,
			);
			defaultConfigurationIsVisible = 0;
			defaultConfigurationName = Release;
		};
/* End XCConfigurationList section */
	};
	rootObject = A4F33E962AE8891500778664 /* Project object */;
}
